// !$*UTF8*$!
{
	archiveVersion = 1;
	classes = {
	};
	objectVersion = 50;
	objects = {

/* Begin PBXBuildFile section */
		F563F395234A4E5D00719AC8 /* AppDelegate.swift in Sources */ = {isa = PBXBuildFile; fileRef = F563F394234A4E5D00719AC8 /* AppDelegate.swift */; };
		F563F399234A4E5D00719AC8 /* ViewController.swift in Sources */ = {isa = PBXBuildFile; fileRef = F563F398234A4E5D00719AC8 /* ViewController.swift */; };
		F563F39C234A4E5D00719AC8 /* Main.storyboard in Resources */ = {isa = PBXBuildFile; fileRef = F563F39A234A4E5D00719AC8 /* Main.storyboard */; };
		F563F39E234A4E6200719AC8 /* Assets.xcassets in Resources */ = {isa = PBXBuildFile; fileRef = F563F39D234A4E6200719AC8 /* Assets.xcassets */; };
		F563F3A1234A4E6200719AC8 /* LaunchScreen.storyboard in Resources */ = {isa = PBXBuildFile; fileRef = F563F39F234A4E6200719AC8 /* LaunchScreen.storyboard */; };
		F563F3AC234A4E6300719AC8 /* ModularTests.swift in Sources */ = {isa = PBXBuildFile; fileRef = F563F3AB234A4E6300719AC8 /* ModularTests.swift */; };
/* End PBXBuildFile section */

/* Begin PBXContainerItemProxy section */
		F563F3A8234A4E6300719AC8 /* PBXContainerItemProxy */ = {
			isa = PBXContainerItemProxy;
			containerPortal = F563F389234A4E5D00719AC8 /* Project object */;
			proxyType = 1;
			remoteGlobalIDString = F563F390234A4E5D00719AC8;
			remoteInfo = Modular;
		};
/* End PBXContainerItemProxy section */

/* Begin PBXFileReference section */
		F563F391234A4E5D00719AC8 /* Modular.app */ = {isa = PBXFileReference; explicitFileType = wrapper.application; includeInIndex = 0; path = Modular.app; sourceTree = BUILT_PRODUCTS_DIR; };
		F563F394234A4E5D00719AC8 /* AppDelegate.swift */ = {isa = PBXFileReference; lastKnownFileType = sourcecode.swift; path = AppDelegate.swift; sourceTree = "<group>"; };
		F563F398234A4E5D00719AC8 /* ViewController.swift */ = {isa = PBXFileReference; lastKnownFileType = sourcecode.swift; path = ViewController.swift; sourceTree = "<group>"; };
		F563F39B234A4E5D00719AC8 /* Base */ = {isa = PBXFileReference; lastKnownFileType = file.storyboard; name = Base; path = Base.lproj/Main.storyboard; sourceTree = "<group>"; };
		F563F39D234A4E6200719AC8 /* Assets.xcassets */ = {isa = PBXFileReference; lastKnownFileType = folder.assetcatalog; path = Assets.xcassets; sourceTree = "<group>"; };
		F563F3A0234A4E6200719AC8 /* Base */ = {isa = PBXFileReference; lastKnownFileType = file.storyboard; name = Base; path = Base.lproj/LaunchScreen.storyboard; sourceTree = "<group>"; };
		F563F3A2234A4E6200719AC8 /* Info.plist */ = {isa = PBXFileReference; lastKnownFileType = text.plist.xml; path = Info.plist; sourceTree = "<group>"; };
		F563F3A7234A4E6300719AC8 /* ModularTests.xctest */ = {isa = PBXFileReference; explicitFileType = wrapper.cfbundle; includeInIndex = 0; path = ModularTests.xctest; sourceTree = BUILT_PRODUCTS_DIR; };
		F563F3AB234A4E6300719AC8 /* ModularTests.swift */ = {isa = PBXFileReference; lastKnownFileType = sourcecode.swift; path = ModularTests.swift; sourceTree = "<group>"; };
		F563F3AD234A4E6300719AC8 /* Info.plist */ = {isa = PBXFileReference; lastKnownFileType = text.plist.xml; path = Info.plist; sourceTree = "<group>"; };
/* End PBXFileReference section */

/* Begin PBXFrameworksBuildPhase section */
		F563F38E234A4E5D00719AC8 /* Frameworks */ = {
			isa = PBXFrameworksBuildPhase;
			buildActionMask = 2147483647;
			files = (
			);
			runOnlyForDeploymentPostprocessing = 0;
		};
		F563F3A4234A4E6300719AC8 /* Frameworks */ = {
			isa = PBXFrameworksBuildPhase;
			buildActionMask = 2147483647;
			files = (
			);
			runOnlyForDeploymentPostprocessing = 0;
		};
/* End PBXFrameworksBuildPhase section */

/* Begin PBXGroup section */
		F563F388234A4E5D00719AC8 = {
			isa = PBXGroup;
			children = (
				F563F393234A4E5D00719AC8 /* Modular */,
				F563F3AA234A4E6300719AC8 /* ModularTests */,
				F563F392234A4E5D00719AC8 /* Products */,
			);
			sourceTree = "<group>";
		};
		F563F392234A4E5D00719AC8 /* Products */ = {
			isa = PBXGroup;
			children = (
				F563F391234A4E5D00719AC8 /* Modular.app */,
				F563F3A7234A4E6300719AC8 /* ModularTests.xctest */,
			);
			name = Products;
			sourceTree = "<group>";
		};
		F563F393234A4E5D00719AC8 /* Modular */ = {
			isa = PBXGroup;
			children = (
				F563F394234A4E5D00719AC8 /* AppDelegate.swift */,
				F563F398234A4E5D00719AC8 /* ViewController.swift */,
				F563F39A234A4E5D00719AC8 /* Main.storyboard */,
				F563F39D234A4E6200719AC8 /* Assets.xcassets */,
				F563F39F234A4E6200719AC8 /* LaunchScreen.storyboard */,
				F563F3A2234A4E6200719AC8 /* Info.plist */,
			);
			path = Modular;
			sourceTree = "<group>";
		};
		F563F3AA234A4E6300719AC8 /* ModularTests */ = {
			isa = PBXGroup;
			children = (
				F563F3AB234A4E6300719AC8 /* ModularTests.swift */,
				F563F3AD234A4E6300719AC8 /* Info.plist */,
			);
			path = ModularTests;
			sourceTree = "<group>";
		};
/* End PBXGroup section */

/* Begin PBXNativeTarget section */
		F563F390234A4E5D00719AC8 /* Modular */ = {
			isa = PBXNativeTarget;
			buildConfigurationList = F563F3B0234A4E6300719AC8 /* Build configuration list for PBXNativeTarget "Modular" */;
			buildPhases = (
				F563F38D234A4E5D00719AC8 /* Sources */,
				F563F38E234A4E5D00719AC8 /* Frameworks */,
				F563F38F234A4E5D00719AC8 /* Resources */,
			);
			buildRules = (
			);
			dependencies = (
			);
			name = Modular;
			productName = Modular;
			productReference = F563F391234A4E5D00719AC8 /* Modular.app */;
			productType = "com.apple.product-type.application";
		};
		F563F3A6234A4E6300719AC8 /* ModularTests */ = {
			isa = PBXNativeTarget;
			buildConfigurationList = F563F3B3234A4E6300719AC8 /* Build configuration list for PBXNativeTarget "ModularTests" */;
			buildPhases = (
				F563F3A3234A4E6300719AC8 /* Sources */,
				F563F3A4234A4E6300719AC8 /* Frameworks */,
				F563F3A5234A4E6300719AC8 /* Resources */,
			);
			buildRules = (
			);
			dependencies = (
				F563F3A9234A4E6300719AC8 /* PBXTargetDependency */,
			);
			name = ModularTests;
			productName = ModularTests;
			productReference = F563F3A7234A4E6300719AC8 /* ModularTests.xctest */;
			productType = "com.apple.product-type.bundle.unit-test";
		};
/* End PBXNativeTarget section */

/* Begin PBXProject section */
		F563F389234A4E5D00719AC8 /* Project object */ = {
			isa = PBXProject;
			attributes = {
				LastSwiftUpdateCheck = 1100;
				LastUpgradeCheck = 1100;
				ORGANIZATIONNAME = "Alan Kochev";
				TargetAttributes = {
					F563F390234A4E5D00719AC8 = {
						CreatedOnToolsVersion = 11.0;
					};
					F563F3A6234A4E6300719AC8 = {
						CreatedOnToolsVersion = 11.0;
						TestTargetID = F563F390234A4E5D00719AC8;
					};
				};
			};
			buildConfigurationList = F563F38C234A4E5D00719AC8 /* Build configuration list for PBXProject "Modular" */;
			compatibilityVersion = "Xcode 9.3";
			developmentRegion = en;
			hasScannedForEncodings = 0;
			knownRegions = (
				en,
				Base,
			);
			mainGroup = F563F388234A4E5D00719AC8;
			productRefGroup = F563F392234A4E5D00719AC8 /* Products */;
			projectDirPath = "";
			projectRoot = "";
			targets = (
				F563F390234A4E5D00719AC8 /* Modular */,
				F563F3A6234A4E6300719AC8 /* ModularTests */,
			);
		};
/* End PBXProject section */

/* Begin PBXResourcesBuildPhase section */
		F563F38F234A4E5D00719AC8 /* Resources */ = {
			isa = PBXResourcesBuildPhase;
			buildActionMask = 2147483647;
			files = (
				F563F3A1234A4E6200719AC8 /* LaunchScreen.storyboard in Resources */,
				F563F39E234A4E6200719AC8 /* Assets.xcassets in Resources */,
				F563F39C234A4E5D00719AC8 /* Main.storyboard in Resources */,
			);
			runOnlyForDeploymentPostprocessing = 0;
		};
		F563F3A5234A4E6300719AC8 /* Resources */ = {
			isa = PBXResourcesBuildPhase;
			buildActionMask = 2147483647;
			files = (
			);
			runOnlyForDeploymentPostprocessing = 0;
		};
/* End PBXResourcesBuildPhase section */

/* Begin PBXSourcesBuildPhase section */
		F563F38D234A4E5D00719AC8 /* Sources */ = {
			isa = PBXSourcesBuildPhase;
			buildActionMask = 2147483647;
			files = (
				F563F399234A4E5D00719AC8 /* ViewController.swift in Sources */,
				F563F395234A4E5D00719AC8 /* AppDelegate.swift in Sources */,
			);
			runOnlyForDeploymentPostprocessing = 0;
		};
		F563F3A3234A4E6300719AC8 /* Sources */ = {
			isa = PBXSourcesBuildPhase;
			buildActionMask = 2147483647;
			files = (
				F563F3AC234A4E6300719AC8 /* ModularTests.swift in Sources */,
			);
			runOnlyForDeploymentPostprocessing = 0;
		};
/* End PBXSourcesBuildPhase section */

/* Begin PBXTargetDependency section */
		F563F3A9234A4E6300719AC8 /* PBXTargetDependency */ = {
			isa = PBXTargetDependency;
			target = F563F390234A4E5D00719AC8 /* Modular */;
			targetProxy = F563F3A8234A4E6300719AC8 /* PBXContainerItemProxy */;
		};
/* End PBXTargetDependency section */

/* Begin PBXVariantGroup section */
		F563F39A234A4E5D00719AC8 /* Main.storyboard */ = {
			isa = PBXVariantGroup;
			children = (
				F563F39B234A4E5D00719AC8 /* Base */,
			);
			name = Main.storyboard;
			sourceTree = "<group>";
		};
		F563F39F234A4E6200719AC8 /* LaunchScreen.storyboard */ = {
			isa = PBXVariantGroup;
			children = (
				F563F3A0234A4E6200719AC8 /* Base */,
			);
			name = LaunchScreen.storyboard;
			sourceTree = "<group>";
		};
/* End PBXVariantGroup section */

/* Begin XCBuildConfiguration section */
		F563F3AE234A4E6300719AC8 /* Debug */ = {
			isa = XCBuildConfiguration;
			buildSettings = {
				ALWAYS_SEARCH_USER_PATHS = NO;
				CLANG_ANALYZER_NONNULL = YES;
				CLANG_ANALYZER_NUMBER_OBJECT_CONVERSION = YES_AGGRESSIVE;
				CLANG_CXX_LANGUAGE_STANDARD = "gnu++14";
				CLANG_CXX_LIBRARY = "libc++";
				CLANG_ENABLE_MODULES = YES;
				CLANG_ENABLE_OBJC_ARC = YES;
				CLANG_ENABLE_OBJC_WEAK = YES;
				CLANG_WARN_BLOCK_CAPTURE_AUTORELEASING = YES;
				CLANG_WARN_BOOL_CONVERSION = YES;
				CLANG_WARN_COMMA = YES;
				CLANG_WARN_CONSTANT_CONVERSION = YES;
				CLANG_WARN_DEPRECATED_OBJC_IMPLEMENTATIONS = YES;
				CLANG_WARN_DIRECT_OBJC_ISA_USAGE = YES_ERROR;
				CLANG_WARN_DOCUMENTATION_COMMENTS = YES;
				CLANG_WARN_EMPTY_BODY = YES;
				CLANG_WARN_ENUM_CONVERSION = YES;
				CLANG_WARN_INFINITE_RECURSION = YES;
				CLANG_WARN_INT_CONVERSION = YES;
				CLANG_WARN_NON_LITERAL_NULL_CONVERSION = YES;
				CLANG_WARN_OBJC_IMPLICIT_RETAIN_SELF = YES;
				CLANG_WARN_OBJC_LITERAL_CONVERSION = YES;
				CLANG_WARN_OBJC_ROOT_CLASS = YES_ERROR;
				CLANG_WARN_RANGE_LOOP_ANALYSIS = YES;
				CLANG_WARN_STRICT_PROTOTYPES = YES;
				CLANG_WARN_SUSPICIOUS_MOVE = YES;
				CLANG_WARN_UNGUARDED_AVAILABILITY = YES_AGGRESSIVE;
				CLANG_WARN_UNREACHABLE_CODE = YES;
				CLANG_WARN__DUPLICATE_METHOD_MATCH = YES;
				COPY_PHASE_STRIP = NO;
				DEBUG_INFORMATION_FORMAT = dwarf;
				ENABLE_STRICT_OBJC_MSGSEND = YES;
				ENABLE_TESTABILITY = YES;
				GCC_C_LANGUAGE_STANDARD = gnu11;
				GCC_DYNAMIC_NO_PIC = NO;
				GCC_NO_COMMON_BLOCKS = YES;
				GCC_OPTIMIZATION_LEVEL = 0;
				GCC_PREPROCESSOR_DEFINITIONS = (
					"DEBUG=1",
					"$(inherited)",
				);
				GCC_WARN_64_TO_32_BIT_CONVERSION = YES;
				GCC_WARN_ABOUT_RETURN_TYPE = YES_ERROR;
				GCC_WARN_UNDECLARED_SELECTOR = YES;
				GCC_WARN_UNINITIALIZED_AUTOS = YES_AGGRESSIVE;
				GCC_WARN_UNUSED_FUNCTION = YES;
				GCC_WARN_UNUSED_VARIABLE = YES;
				IPHONEOS_DEPLOYMENT_TARGET = 10.0;
				MTL_ENABLE_DEBUG_INFO = INCLUDE_SOURCE;
				MTL_FAST_MATH = YES;
				ONLY_ACTIVE_ARCH = YES;
				SDKROOT = iphoneos;
				SWIFT_ACTIVE_COMPILATION_CONDITIONS = DEBUG;
				SWIFT_OPTIMIZATION_LEVEL = "-Onone";
			};
			name = Debug;
		};
		F563F3AF234A4E6300719AC8 /* Release */ = {
			isa = XCBuildConfiguration;
			buildSettings = {
				ALWAYS_SEARCH_USER_PATHS = NO;
				CLANG_ANALYZER_NONNULL = YES;
				CLANG_ANALYZER_NUMBER_OBJECT_CONVERSION = YES_AGGRESSIVE;
				CLANG_CXX_LANGUAGE_STANDARD = "gnu++14";
				CLANG_CXX_LIBRARY = "libc++";
				CLANG_ENABLE_MODULES = YES;
				CLANG_ENABLE_OBJC_ARC = YES;
				CLANG_ENABLE_OBJC_WEAK = YES;
				CLANG_WARN_BLOCK_CAPTURE_AUTORELEASING = YES;
				CLANG_WARN_BOOL_CONVERSION = YES;
				CLANG_WARN_COMMA = YES;
				CLANG_WARN_CONSTANT_CONVERSION = YES;
				CLANG_WARN_DEPRECATED_OBJC_IMPLEMENTATIONS = YES;
				CLANG_WARN_DIRECT_OBJC_ISA_USAGE = YES_ERROR;
				CLANG_WARN_DOCUMENTATION_COMMENTS = YES;
				CLANG_WARN_EMPTY_BODY = YES;
				CLANG_WARN_ENUM_CONVERSION = YES;
				CLANG_WARN_INFINITE_RECURSION = YES;
				CLANG_WARN_INT_CONVERSION = YES;
				CLANG_WARN_NON_LITERAL_NULL_CONVERSION = YES;
				CLANG_WARN_OBJC_IMPLICIT_RETAIN_SELF = YES;
				CLANG_WARN_OBJC_LITERAL_CONVERSION = YES;
				CLANG_WARN_OBJC_ROOT_CLASS = YES_ERROR;
				CLANG_WARN_RANGE_LOOP_ANALYSIS = YES;
				CLANG_WARN_STRICT_PROTOTYPES = YES;
				CLANG_WARN_SUSPICIOUS_MOVE = YES;
				CLANG_WARN_UNGUARDED_AVAILABILITY = YES_AGGRESSIVE;
				CLANG_WARN_UNREACHABLE_CODE = YES;
				CLANG_WARN__DUPLICATE_METHOD_MATCH = YES;
				COPY_PHASE_STRIP = NO;
				DEBUG_INFORMATION_FORMAT = "dwarf-with-dsym";
				ENABLE_NS_ASSERTIONS = NO;
				ENABLE_STRICT_OBJC_MSGSEND = YES;
				GCC_C_LANGUAGE_STANDARD = gnu11;
				GCC_NO_COMMON_BLOCKS = YES;
				GCC_WARN_64_TO_32_BIT_CONVERSION = YES;
				GCC_WARN_ABOUT_RETURN_TYPE = YES_ERROR;
				GCC_WARN_UNDECLARED_SELECTOR = YES;
				GCC_WARN_UNINITIALIZED_AUTOS = YES_AGGRESSIVE;
				GCC_WARN_UNUSED_FUNCTION = YES;
				GCC_WARN_UNUSED_VARIABLE = YES;
				IPHONEOS_DEPLOYMENT_TARGET = 10.0;
				MTL_ENABLE_DEBUG_INFO = NO;
				MTL_FAST_MATH = YES;
				SDKROOT = iphoneos;
				SWIFT_COMPILATION_MODE = wholemodule;
				SWIFT_OPTIMIZATION_LEVEL = "-O";
				VALIDATE_PRODUCT = YES;
			};
			name = Release;
		};
		F563F3B1234A4E6300719AC8 /* Debug */ = {
			isa = XCBuildConfiguration;
			buildSettings = {
				ASSETCATALOG_COMPILER_APPICON_NAME = AppIcon;
				CODE_SIGN_STYLE = Automatic;
				INFOPLIST_FILE = Modular/Info.plist;
				IPHONEOS_DEPLOYMENT_TARGET = 10.0;
				LD_RUNPATH_SEARCH_PATHS = (
					"$(inherited)",
					"@executable_path/Frameworks",
				);
				PRODUCT_BUNDLE_IDENTIFIER = me.alaija.Modular;
				PRODUCT_NAME = "$(TARGET_NAME)";
				SWIFT_VERSION = 5.0;
				TARGETED_DEVICE_FAMILY = "1,2";
			};
			name = Debug;
		};
		F563F3B2234A4E6300719AC8 /* Release */ = {
			isa = XCBuildConfiguration;
			buildSettings = {
				ASSETCATALOG_COMPILER_APPICON_NAME = AppIcon;
				CODE_SIGN_STYLE = Automatic;
				INFOPLIST_FILE = Modular/Info.plist;
				IPHONEOS_DEPLOYMENT_TARGET = 10.0;
				LD_RUNPATH_SEARCH_PATHS = (
					"$(inherited)",
					"@executable_path/Frameworks",
				);
				PRODUCT_BUNDLE_IDENTIFIER = me.alaija.Modular;
				PRODUCT_NAME = "$(TARGET_NAME)";
				SWIFT_VERSION = 5.0;
				TARGETED_DEVICE_FAMILY = "1,2";
			};
			name = Release;
		};
		F563F3B4234A4E6300719AC8 /* Debug */ = {
			isa = XCBuildConfiguration;
			buildSettings = {
				ALWAYS_EMBED_SWIFT_STANDARD_LIBRARIES = YES;
				BUNDLE_LOADER = "$(TEST_HOST)";
				CODE_SIGN_STYLE = Automatic;
				INFOPLIST_FILE = ModularTests/Info.plist;
				IPHONEOS_DEPLOYMENT_TARGET = 10.0;
				LD_RUNPATH_SEARCH_PATHS = (
					"$(inherited)",
					"@executable_path/Frameworks",
					"@loader_path/Frameworks",
				);
				PRODUCT_BUNDLE_IDENTIFIER = me.alaija.ModularTests;
				PRODUCT_NAME = "$(TARGET_NAME)";
				SWIFT_VERSION = 5.0;
				TARGETED_DEVICE_FAMILY = "1,2";
				TEST_HOST = "$(BUILT_PRODUCTS_DIR)/Modular.app/Modular";
			};
			name = Debug;
		};
		F563F3B5234A4E6300719AC8 /* Release */ = {
			isa = XCBuildConfiguration;
			buildSettings = {
				ALWAYS_EMBED_SWIFT_STANDARD_LIBRARIES = YES;
				BUNDLE_LOADER = "$(TEST_HOST)";
				CODE_SIGN_STYLE = Automatic;
				INFOPLIST_FILE = ModularTests/Info.plist;
				IPHONEOS_DEPLOYMENT_TARGET = 10.0;
				LD_RUNPATH_SEARCH_PATHS = (
					"$(inherited)",
					"@executable_path/Frameworks",
					"@loader_path/Frameworks",
				);
				PRODUCT_BUNDLE_IDENTIFIER = me.alaija.ModularTests;
				PRODUCT_NAME = "$(TARGET_NAME)";
				SWIFT_VERSION = 5.0;
				TARGETED_DEVICE_FAMILY = "1,2";
				TEST_HOST = "$(BUILT_PRODUCTS_DIR)/Modular.app/Modular";
			};
			name = Release;
		};
/* End XCBuildConfiguration section */

/* Begin XCConfigurationList section */
		F563F38C234A4E5D00719AC8 /* Build configuration list for PBXProject "Modular" */ = {
			isa = XCConfigurationList;
			buildConfigurations = (
				F563F3AE234A4E6300719AC8 /* Debug */,
				F563F3AF234A4E6300719AC8 /* Release */,
			);
			defaultConfigurationIsVisible = 0;
			defaultConfigurationName = Release;
		};
		F563F3B0234A4E6300719AC8 /* Build configuration list for PBXNativeTarget "Modular" */ = {
			isa = XCConfigurationList;
			buildConfigurations = (
				F563F3B1234A4E6300719AC8 /* Debug */,
				F563F3B2234A4E6300719AC8 /* Release */,
			);
			defaultConfigurationIsVisible = 0;
			defaultConfigurationName = Release;
		};
		F563F3B3234A4E6300719AC8 /* Build configuration list for PBXNativeTarget "ModularTests" */ = {
			isa = XCConfigurationList;
			buildConfigurations = (
				F563F3B4234A4E6300719AC8 /* Debug */,
				F563F3B5234A4E6300719AC8 /* Release */,
			);
			defaultConfigurationIsVisible = 0;
			defaultConfigurationName = Release;
		};
/* End XCConfigurationList section */
	};
	rootObject = F563F389234A4E5D00719AC8 /* Project object */;
}
